
Microsoft Visual Studio Solution File, Format Version 12.00
# Visual Studio Version 17
VisualStudioVersion = 17.9.34728.123
MinimumVisualStudioVersion = 10.0.40219.1
Project("{FAE04EC0-301F-11D3-BF4B-00C04F79EFBC}") = "TAgit", "TAgit\TAgit.csproj", "{FF408F68-A456-4C10-87FA-7DA040F23A75}"
EndProject
Global
	GlobalSection(SolutionConfigurationPlatforms) = preSolution
		Debug|Any CPU = Debug|Any CPU
		Release|Any CPU = Release|Any CPU
	EndGlobalSection
	GlobalSection(ProjectConfigurationPlatforms) = postSolution
		{FF408F68-A456-4C10-87FA-7DA040F23A75}.Debug|Any CPU.ActiveCfg = Debug|Any CPU
		{FF408F68-A456-4C10-87FA-7DA040F23A75}.Debug|Any CPU.Build.0 = Debug|Any CPU
		{FF408F68-A456-4C10-87FA-7DA040F23A75}.Release|Any CPU.ActiveCfg = Release|Any CPU
		{FF408F68-A456-4C10-87FA-7DA040F23A75}.Release|Any CPU.Build.0 = Release|Any CPU
	EndGlobalSection
	GlobalSection(SolutionProperties) = preSolution
		HideSolutionNode = FALSE
	EndGlobalSection
	GlobalSection(ExtensibilityGlobals) = postSolution
		SolutionGuid = {7C06F99C-0287-4AD6-AA66-89FB2CCB71AE}
	EndGlobalSection
EndGlobal
